
Microsoft Visual Studio Solution File, Format Version 12.00
# Visual Studio 15
VisualStudioVersion = 15.0.27009.1
MinimumVisualStudioVersion = 10.0.40219.1
Project("{FAE04EC0-301F-11D3-BF4B-00C04F79EFBC}") = "Practica8.Android", "Practica8\Practica8.Android\Practica8.Android.csproj", "{EB5DA3DC-30A1-4743-989E-920103695B1D}"
EndProject
Project("{FAE04EC0-301F-11D3-BF4B-00C04F79EFBC}") = "Practica8", "Practica8\Practica8\Practica8.csproj", "{62889AA6-85D5-4918-ABBF-765AFA683420}"
EndProject
Project("{FAE04EC0-301F-11D3-BF4B-00C04F79EFBC}") = "Practica8.UWP", "Practica8\Practica8.UWP\Practica8.UWP.csproj", "{0DDE2AAB-0527-4362-A487-DFD1E5708339}"
EndProject
Project("{FAE04EC0-301F-11D3-BF4B-00C04F79EFBC}") = "Practica8.iOS", "Practica8\Practica8.iOS\Practica8.iOS.csproj", "{925BF6A8-A71E-42DF-A7BF-3D0E95E6B0ED}"
EndProject
Global
	GlobalSection(SolutionConfigurationPlatforms) = preSolution
		Ad-Hoc|Any CPU = Ad-Hoc|Any CPU
		Ad-Hoc|ARM = Ad-Hoc|ARM
		Ad-Hoc|iPhone = Ad-Hoc|iPhone
		Ad-Hoc|iPhoneSimulator = Ad-Hoc|iPhoneSimulator
		Ad-Hoc|x64 = Ad-Hoc|x64
		Ad-Hoc|x86 = Ad-Hoc|x86
		AppStore|Any CPU = AppStore|Any CPU
		AppStore|ARM = AppStore|ARM
		AppStore|iPhone = AppStore|iPhone
		AppStore|iPhoneSimulator = AppStore|iPhoneSimulator
		AppStore|x64 = AppStore|x64
		AppStore|x86 = AppStore|x86
		Debug|Any CPU = Debug|Any CPU
		Debug|ARM = Debug|ARM
		Debug|iPhone = Debug|iPhone
		Debug|iPhoneSimulator = Debug|iPhoneSimulator
		Debug|x64 = Debug|x64
		Debug|x86 = Debug|x86
		Release|Any CPU = Release|Any CPU
		Release|ARM = Release|ARM
		Release|iPhone = Release|iPhone
		Release|iPhoneSimulator = Release|iPhoneSimulator
		Release|x64 = Release|x64
		Release|x86 = Release|x86
	EndGlobalSection
	GlobalSection(ProjectConfigurationPlatforms) = postSolution
		{EB5DA3DC-30A1-4743-989E-920103695B1D}.Ad-Hoc|Any CPU.ActiveCfg = Release|Any CPU
		{EB5DA3DC-30A1-4743-989E-920103695B1D}.Ad-Hoc|Any CPU.Build.0 = Release|Any CPU
		{EB5DA3DC-30A1-4743-989E-920103695B1D}.Ad-Hoc|Any CPU.Deploy.0 = Release|Any CPU
		{EB5DA3DC-30A1-4743-989E-920103695B1D}.Ad-Hoc|ARM.ActiveCfg = Release|Any CPU
		{EB5DA3DC-30A1-4743-989E-920103695B1D}.Ad-Hoc|ARM.Build.0 = Release|Any CPU
		{EB5DA3DC-30A1-4743-989E-920103695B1D}.Ad-Hoc|ARM.Deploy.0 = Release|Any CPU
		{EB5DA3DC-30A1-4743-989E-920103695B1D}.Ad-Hoc|iPhone.ActiveCfg = Release|Any CPU
		{EB5DA3DC-30A1-4743-989E-920103695B1D}.Ad-Hoc|iPhone.Build.0 = Release|Any CPU
		{EB5DA3DC-30A1-4743-989E-920103695B1D}.Ad-Hoc|iPhone.Deploy.0 = Release|Any CPU
		{EB5DA3DC-30A1-4743-989E-920103695B1D}.Ad-Hoc|iPhoneSimulator.ActiveCfg = Release|Any CPU
		{EB5DA3DC-30A1-4743-989E-920103695B1D}.Ad-Hoc|iPhoneSimulator.Build.0 = Release|Any CPU
		{EB5DA3DC-30A1-4743-989E-920103695B1D}.Ad-Hoc|iPhoneSimulator.Deploy.0 = Release|Any CPU
		{EB5DA3DC-30A1-4743-989E-920103695B1D}.Ad-Hoc|x64.ActiveCfg = Release|Any CPU
		{EB5DA3DC-30A1-4743-989E-920103695B1D}.Ad-Hoc|x64.Build.0 = Release|Any CPU
		{EB5DA3DC-30A1-4743-989E-920103695B1D}.Ad-Hoc|x64.Deploy.0 = Release|Any CPU
		{EB5DA3DC-30A1-4743-989E-920103695B1D}.Ad-Hoc|x86.ActiveCfg = Release|Any CPU
		{EB5DA3DC-30A1-4743-989E-920103695B1D}.Ad-Hoc|x86.Build.0 = Release|Any CPU
		{EB5DA3DC-30A1-4743-989E-920103695B1D}.Ad-Hoc|x86.Deploy.0 = Release|Any CPU
		{EB5DA3DC-30A1-4743-989E-920103695B1D}.AppStore|Any CPU.ActiveCfg = Release|Any CPU
		{EB5DA3DC-30A1-4743-989E-920103695B1D}.AppStore|Any CPU.Build.0 = Release|Any CPU
		{EB5DA3DC-30A1-4743-989E-920103695B1D}.AppStore|Any CPU.Deploy.0 = Release|Any CPU
		{EB5DA3DC-30A1-4743-989E-920103695B1D}.AppStore|ARM.ActiveCfg = Release|Any CPU
		{EB5DA3DC-30A1-4743-989E-920103695B1D}.AppStore|ARM.Build.0 = Release|Any CPU
		{EB5DA3DC-30A1-4743-989E-920103695B1D}.AppStore|ARM.Deploy.0 = Release|Any CPU
		{EB5DA3DC-30A1-4743-989E-920103695B1D}.AppStore|iPhone.ActiveCfg = Release|Any CPU
		{EB5DA3DC-30A1-4743-989E-920103695B1D}.AppStore|iPhone.Build.0 = Release|Any CPU
		{EB5DA3DC-30A1-4743-989E-920103695B1D}.AppStore|iPhone.Deploy.0 = Release|Any CPU
		{EB5DA3DC-30A1-4743-989E-920103695B1D}.AppStore|iPhoneSimulator.ActiveCfg = Release|Any CPU
		{EB5DA3DC-30A1-4743-989E-920103695B1D}.AppStore|iPhoneSimulator.Build.0 = Release|Any CPU
		{EB5DA3DC-30A1-4743-989E-920103695B1D}.AppStore|iPhoneSimulator.Deploy.0 = Release|Any CPU
		{EB5DA3DC-30A1-4743-989E-920103695B1D}.AppStore|x64.ActiveCfg = Release|Any CPU
		{EB5DA3DC-30A1-4743-989E-920103695B1D}.AppStore|x64.Build.0 = Release|Any CPU
		{EB5DA3DC-30A1-4743-989E-920103695B1D}.AppStore|x64.Deploy.0 = Release|Any CPU
		{EB5DA3DC-30A1-4743-989E-920103695B1D}.AppStore|x86.ActiveCfg = Release|Any CPU
		{EB5DA3DC-30A1-4743-989E-920103695B1D}.AppStore|x86.Build.0 = Release|Any CPU
		{EB5DA3DC-30A1-4743-989E-920103695B1D}.AppStore|x86.Deploy.0 = Release|Any CPU
		{EB5DA3DC-30A1-4743-989E-920103695B1D}.Debug|Any CPU.ActiveCfg = Debug|Any CPU
		{EB5DA3DC-30A1-4743-989E-920103695B1D}.Debug|Any CPU.Build.0 = Debug|Any CPU
		{EB5DA3DC-30A1-4743-989E-920103695B1D}.Debug|Any CPU.Deploy.0 = Debug|Any CPU
		{EB5DA3DC-30A1-4743-989E-920103695B1D}.Debug|ARM.ActiveCfg = Debug|Any CPU
		{EB5DA3DC-30A1-4743-989E-920103695B1D}.Debug|ARM.Build.0 = Debug|Any CPU
		{EB5DA3DC-30A1-4743-989E-920103695B1D}.Debug|ARM.Deploy.0 = Debug|Any CPU
		{EB5DA3DC-30A1-4743-989E-920103695B1D}.Debug|iPhone.ActiveCfg = Debug|Any CPU
		{EB5DA3DC-30A1-4743-989E-920103695B1D}.Debug|iPhone.Build.0 = Debug|Any CPU
		{EB5DA3DC-30A1-4743-989E-920103695B1D}.Debug|iPhone.Deploy.0 = Debug|Any CPU
		{EB5DA3DC-30A1-4743-989E-920103695B1D}.Debug|iPhoneSimulator.ActiveCfg = Debug|Any CPU
		{EB5DA3DC-30A1-4743-989E-920103695B1D}.Debug|iPhoneSimulator.Build.0 = Debug|Any CPU
		{EB5DA3DC-30A1-4743-989E-920103695B1D}.Debug|iPhoneSimulator.Deploy.0 = Debug|Any CPU
		{EB5DA3DC-30A1-4743-989E-920103695B1D}.Debug|x64.ActiveCfg = Debug|Any CPU
		{EB5DA3DC-30A1-4743-989E-920103695B1D}.Debug|x64.Build.0 = Debug|Any CPU
		{EB5DA3DC-30A1-4743-989E-920103695B1D}.Debug|x64.Deploy.0 = Debug|Any CPU
		{EB5DA3DC-30A1-4743-989E-920103695B1D}.Debug|x86.ActiveCfg = Debug|Any CPU
		{EB5DA3DC-30A1-4743-989E-920103695B1D}.Debug|x86.Build.0 = Debug|Any CPU
		{EB5DA3DC-30A1-4743-989E-920103695B1D}.Debug|x86.Deploy.0 = Debug|Any CPU
		{EB5DA3DC-30A1-4743-989E-920103695B1D}.Release|Any CPU.ActiveCfg = Release|Any CPU
		{EB5DA3DC-30A1-4743-989E-920103695B1D}.Release|Any CPU.Build.0 = Release|Any CPU
		{EB5DA3DC-30A1-4743-989E-920103695B1D}.Release|Any CPU.Deploy.0 = Release|Any CPU
		{EB5DA3DC-30A1-4743-989E-920103695B1D}.Release|ARM.ActiveCfg = Release|Any CPU
		{EB5DA3DC-30A1-4743-989E-920103695B1D}.Release|ARM.Build.0 = Release|Any CPU
		{EB5DA3DC-30A1-4743-989E-920103695B1D}.Release|ARM.Deploy.0 = Release|Any CPU
		{EB5DA3DC-30A1-4743-989E-920103695B1D}.Release|iPhone.ActiveCfg = Release|Any CPU
		{EB5DA3DC-30A1-4743-989E-920103695B1D}.Release|iPhone.Build.0 = Release|Any CPU
		{EB5DA3DC-30A1-4743-989E-920103695B1D}.Release|iPhone.Deploy.0 = Release|Any CPU
		{EB5DA3DC-30A1-4743-989E-920103695B1D}.Release|iPhoneSimulator.ActiveCfg = Release|Any CPU
		{EB5DA3DC-30A1-4743-989E-920103695B1D}.Release|iPhoneSimulator.Build.0 = Release|Any CPU
		{EB5DA3DC-30A1-4743-989E-920103695B1D}.Release|iPhoneSimulator.Deploy.0 = Release|Any CPU
		{EB5DA3DC-30A1-4743-989E-920103695B1D}.Release|x64.ActiveCfg = Release|Any CPU
		{EB5DA3DC-30A1-4743-989E-920103695B1D}.Release|x64.Build.0 = Release|Any CPU
		{EB5DA3DC-30A1-4743-989E-920103695B1D}.Release|x64.Deploy.0 = Release|Any CPU
		{EB5DA3DC-30A1-4743-989E-920103695B1D}.Release|x86.ActiveCfg = Release|Any CPU
		{EB5DA3DC-30A1-4743-989E-920103695B1D}.Release|x86.Build.0 = Release|Any CPU
		{EB5DA3DC-30A1-4743-989E-920103695B1D}.Release|x86.Deploy.0 = Release|Any CPU
		{62889AA6-85D5-4918-ABBF-765AFA683420}.Ad-Hoc|Any CPU.ActiveCfg = Release|Any CPU
		{62889AA6-85D5-4918-ABBF-765AFA683420}.Ad-Hoc|Any CPU.Build.0 = Release|Any CPU
		{62889AA6-85D5-4918-ABBF-765AFA683420}.Ad-Hoc|Any CPU.Deploy.0 = Release|Any CPU
		{62889AA6-85D5-4918-ABBF-765AFA683420}.Ad-Hoc|ARM.ActiveCfg = Release|Any CPU
		{62889AA6-85D5-4918-ABBF-765AFA683420}.Ad-Hoc|ARM.Build.0 = Release|Any CPU
		{62889AA6-85D5-4918-ABBF-765AFA683420}.Ad-Hoc|ARM.Deploy.0 = Release|Any CPU
		{62889AA6-85D5-4918-ABBF-765AFA683420}.Ad-Hoc|iPhone.ActiveCfg = Release|Any CPU
		{62889AA6-85D5-4918-ABBF-765AFA683420}.Ad-Hoc|iPhone.Build.0 = Release|Any CPU
		{62889AA6-85D5-4918-ABBF-765AFA683420}.Ad-Hoc|iPhone.Deploy.0 = Release|Any CPU
		{62889AA6-85D5-4918-ABBF-765AFA683420}.Ad-Hoc|iPhoneSimulator.ActiveCfg = Release|Any CPU
		{62889AA6-85D5-4918-ABBF-765AFA683420}.Ad-Hoc|iPhoneSimulator.Build.0 = Release|Any CPU
		{62889AA6-85D5-4918-ABBF-765AFA683420}.Ad-Hoc|iPhoneSimulator.Deploy.0 = Release|Any CPU
		{62889AA6-85D5-4918-ABBF-765AFA683420}.Ad-Hoc|x64.ActiveCfg = Release|Any CPU
		{62889AA6-85D5-4918-ABBF-765AFA683420}.Ad-Hoc|x64.Build.0 = Release|Any CPU
		{62889AA6-85D5-4918-ABBF-765AFA683420}.Ad-Hoc|x64.Deploy.0 = Release|Any CPU
		{62889AA6-85D5-4918-ABBF-765AFA683420}.Ad-Hoc|x86.ActiveCfg = Release|Any CPU
		{62889AA6-85D5-4918-ABBF-765AFA683420}.Ad-Hoc|x86.Build.0 = Release|Any CPU
		{62889AA6-85D5-4918-ABBF-765AFA683420}.Ad-Hoc|x86.Deploy.0 = Release|Any CPU
		{62889AA6-85D5-4918-ABBF-765AFA683420}.AppStore|Any CPU.ActiveCfg = Release|Any CPU
		{62889AA6-85D5-4918-ABBF-765AFA683420}.AppStore|Any CPU.Build.0 = Release|Any CPU
		{62889AA6-85D5-4918-ABBF-765AFA683420}.AppStore|Any CPU.Deploy.0 = Release|Any CPU
		{62889AA6-85D5-4918-ABBF-765AFA683420}.AppStore|ARM.ActiveCfg = Release|Any CPU
		{62889AA6-85D5-4918-ABBF-765AFA683420}.AppStore|ARM.Build.0 = Release|Any CPU
		{62889AA6-85D5-4918-ABBF-765AFA683420}.AppStore|ARM.Deploy.0 = Release|Any CPU
		{62889AA6-85D5-4918-ABBF-765AFA683420}.AppStore|iPhone.ActiveCfg = Release|Any CPU
		{62889AA6-85D5-4918-ABBF-765AFA683420}.AppStore|iPhone.Build.0 = Release|Any CPU
		{62889AA6-85D5-4918-ABBF-765AFA683420}.AppStore|iPhone.Deploy.0 = Release|Any CPU
		{62889AA6-85D5-4918-ABBF-765AFA683420}.AppStore|iPhoneSimulator.ActiveCfg = Release|Any CPU
		{62889AA6-85D5-4918-ABBF-765AFA683420}.AppStore|iPhoneSimulator.Build.0 = Release|Any CPU
		{62889AA6-85D5-4918-ABBF-765AFA683420}.AppStore|iPhoneSimulator.Deploy.0 = Release|Any CPU
		{62889AA6-85D5-4918-ABBF-765AFA683420}.AppStore|x64.ActiveCfg = Release|Any CPU
		{62889AA6-85D5-4918-ABBF-765AFA683420}.AppStore|x64.Build.0 = Release|Any CPU
		{62889AA6-85D5-4918-ABBF-765AFA683420}.AppStore|x64.Deploy.0 = Release|Any CPU
		{62889AA6-85D5-4918-ABBF-765AFA683420}.AppStore|x86.ActiveCfg = Release|Any CPU
		{62889AA6-85D5-4918-ABBF-765AFA683420}.AppStore|x86.Build.0 = Release|Any CPU
		{62889AA6-85D5-4918-ABBF-765AFA683420}.AppStore|x86.Deploy.0 = Release|Any CPU
		{62889AA6-85D5-4918-ABBF-765AFA683420}.Debug|Any CPU.ActiveCfg = Debug|Any CPU
		{62889AA6-85D5-4918-ABBF-765AFA683420}.Debug|Any CPU.Build.0 = Debug|Any CPU
		{62889AA6-85D5-4918-ABBF-765AFA683420}.Debug|Any CPU.Deploy.0 = Debug|Any CPU
		{62889AA6-85D5-4918-ABBF-765AFA683420}.Debug|ARM.ActiveCfg = Debug|Any CPU
		{62889AA6-85D5-4918-ABBF-765AFA683420}.Debug|ARM.Build.0 = Debug|Any CPU
		{62889AA6-85D5-4918-ABBF-765AFA683420}.Debug|ARM.Deploy.0 = Debug|Any CPU
		{62889AA6-85D5-4918-ABBF-765AFA683420}.Debug|iPhone.ActiveCfg = Debug|Any CPU
		{62889AA6-85D5-4918-ABBF-765AFA683420}.Debug|iPhone.Build.0 = Debug|Any CPU
		{62889AA6-85D5-4918-ABBF-765AFA683420}.Debug|iPhone.Deploy.0 = Debug|Any CPU
		{62889AA6-85D5-4918-ABBF-765AFA683420}.Debug|iPhoneSimulator.ActiveCfg = Debug|Any CPU
		{62889AA6-85D5-4918-ABBF-765AFA683420}.Debug|iPhoneSimulator.Build.0 = Debug|Any CPU
		{62889AA6-85D5-4918-ABBF-765AFA683420}.Debug|iPhoneSimulator.Deploy.0 = Debug|Any CPU
		{62889AA6-85D5-4918-ABBF-765AFA683420}.Debug|x64.ActiveCfg = Debug|Any CPU
		{62889AA6-85D5-4918-ABBF-765AFA683420}.Debug|x64.Build.0 = Debug|Any CPU
		{62889AA6-85D5-4918-ABBF-765AFA683420}.Debug|x64.Deploy.0 = Debug|Any CPU
		{62889AA6-85D5-4918-ABBF-765AFA683420}.Debug|x86.ActiveCfg = Debug|Any CPU
		{62889AA6-85D5-4918-ABBF-765AFA683420}.Debug|x86.Build.0 = Debug|Any CPU
		{62889AA6-85D5-4918-ABBF-765AFA683420}.Debug|x86.Deploy.0 = Debug|Any CPU
		{62889AA6-85D5-4918-ABBF-765AFA683420}.Release|Any CPU.ActiveCfg = Release|Any CPU
		{62889AA6-85D5-4918-ABBF-765AFA683420}.Release|Any CPU.Build.0 = Release|Any CPU
		{62889AA6-85D5-4918-ABBF-765AFA683420}.Release|Any CPU.Deploy.0 = Release|Any CPU
		{62889AA6-85D5-4918-ABBF-765AFA683420}.Release|ARM.ActiveCfg = Release|Any CPU
		{62889AA6-85D5-4918-ABBF-765AFA683420}.Release|ARM.Build.0 = Release|Any CPU
		{62889AA6-85D5-4918-ABBF-765AFA683420}.Release|ARM.Deploy.0 = Release|Any CPU
		{62889AA6-85D5-4918-ABBF-765AFA683420}.Release|iPhone.ActiveCfg = Release|Any CPU
		{62889AA6-85D5-4918-ABBF-765AFA683420}.Release|iPhone.Build.0 = Release|Any CPU
		{62889AA6-85D5-4918-ABBF-765AFA683420}.Release|iPhone.Deploy.0 = Release|Any CPU
		{62889AA6-85D5-4918-ABBF-765AFA683420}.Release|iPhoneSimulator.ActiveCfg = Release|Any CPU
		{62889AA6-85D5-4918-ABBF-765AFA683420}.Release|iPhoneSimulator.Build.0 = Release|Any CPU
		{62889AA6-85D5-4918-ABBF-765AFA683420}.Release|iPhoneSimulator.Deploy.0 = Release|Any CPU
		{62889AA6-85D5-4918-ABBF-765AFA683420}.Release|x64.ActiveCfg = Release|Any CPU
		{62889AA6-85D5-4918-ABBF-765AFA683420}.Release|x64.Build.0 = Release|Any CPU
		{62889AA6-85D5-4918-ABBF-765AFA683420}.Release|x64.Deploy.0 = Release|Any CPU
		{62889AA6-85D5-4918-ABBF-765AFA683420}.Release|x86.ActiveCfg = Release|Any CPU
		{62889AA6-85D5-4918-ABBF-765AFA683420}.Release|x86.Build.0 = Release|Any CPU
		{62889AA6-85D5-4918-ABBF-765AFA683420}.Release|x86.Deploy.0 = Release|Any CPU
		{0DDE2AAB-0527-4362-A487-DFD1E5708339}.Ad-Hoc|Any CPU.ActiveCfg = Release|x86
		{0DDE2AAB-0527-4362-A487-DFD1E5708339}.Ad-Hoc|Any CPU.Build.0 = Release|x86
		{0DDE2AAB-0527-4362-A487-DFD1E5708339}.Ad-Hoc|Any CPU.Deploy.0 = Release|x86
		{0DDE2AAB-0527-4362-A487-DFD1E5708339}.Ad-Hoc|ARM.ActiveCfg = Release|ARM
		{0DDE2AAB-0527-4362-A487-DFD1E5708339}.Ad-Hoc|ARM.Build.0 = Release|ARM
		{0DDE2AAB-0527-4362-A487-DFD1E5708339}.Ad-Hoc|ARM.Deploy.0 = Release|ARM
		{0DDE2AAB-0527-4362-A487-DFD1E5708339}.Ad-Hoc|iPhone.ActiveCfg = Release|x86
		{0DDE2AAB-0527-4362-A487-DFD1E5708339}.Ad-Hoc|iPhone.Build.0 = Release|x86
		{0DDE2AAB-0527-4362-A487-DFD1E5708339}.Ad-Hoc|iPhone.Deploy.0 = Release|x86
		{0DDE2AAB-0527-4362-A487-DFD1E5708339}.Ad-Hoc|iPhoneSimulator.ActiveCfg = Release|x86
		{0DDE2AAB-0527-4362-A487-DFD1E5708339}.Ad-Hoc|iPhoneSimulator.Build.0 = Release|x86
		{0DDE2AAB-0527-4362-A487-DFD1E5708339}.Ad-Hoc|iPhoneSimulator.Deploy.0 = Release|x86
		{0DDE2AAB-0527-4362-A487-DFD1E5708339}.Ad-Hoc|x64.ActiveCfg = Release|x64
		{0DDE2AAB-0527-4362-A487-DFD1E5708339}.Ad-Hoc|x64.Build.0 = Release|x64
		{0DDE2AAB-0527-4362-A487-DFD1E5708339}.Ad-Hoc|x64.Deploy.0 = Release|x64
		{0DDE2AAB-0527-4362-A487-DFD1E5708339}.Ad-Hoc|x86.ActiveCfg = Release|x86
		{0DDE2AAB-0527-4362-A487-DFD1E5708339}.Ad-Hoc|x86.Build.0 = Release|x86
		{0DDE2AAB-0527-4362-A487-DFD1E5708339}.Ad-Hoc|x86.Deploy.0 = Release|x86
		{0DDE2AAB-0527-4362-A487-DFD1E5708339}.AppStore|Any CPU.ActiveCfg = Release|x86
		{0DDE2AAB-0527-4362-A487-DFD1E5708339}.AppStore|Any CPU.Build.0 = Release|x86
		{0DDE2AAB-0527-4362-A487-DFD1E5708339}.AppStore|Any CPU.Deploy.0 = Release|x86
		{0DDE2AAB-0527-4362-A487-DFD1E5708339}.AppStore|ARM.ActiveCfg = Release|ARM
		{0DDE2AAB-0527-4362-A487-DFD1E5708339}.AppStore|ARM.Build.0 = Release|ARM
		{0DDE2AAB-0527-4362-A487-DFD1E5708339}.AppStore|ARM.Deploy.0 = Release|ARM
		{0DDE2AAB-0527-4362-A487-DFD1E5708339}.AppStore|iPhone.ActiveCfg = Release|x86
		{0DDE2AAB-0527-4362-A487-DFD1E5708339}.AppStore|iPhone.Build.0 = Release|x86
		{0DDE2AAB-0527-4362-A487-DFD1E5708339}.AppStore|iPhone.Deploy.0 = Release|x86
		{0DDE2AAB-0527-4362-A487-DFD1E5708339}.AppStore|iPhoneSimulator.ActiveCfg = Release|x86
		{0DDE2AAB-0527-4362-A487-DFD1E5708339}.AppStore|iPhoneSimulator.Build.0 = Release|x86
		{0DDE2AAB-0527-4362-A487-DFD1E5708339}.AppStore|iPhoneSimulator.Deploy.0 = Release|x86
		{0DDE2AAB-0527-4362-A487-DFD1E5708339}.AppStore|x64.ActiveCfg = Release|x64
		{0DDE2AAB-0527-4362-A487-DFD1E5708339}.AppStore|x64.Build.0 = Release|x64
		{0DDE2AAB-0527-4362-A487-DFD1E5708339}.AppStore|x64.Deploy.0 = Release|x64
		{0DDE2AAB-0527-4362-A487-DFD1E5708339}.AppStore|x86.ActiveCfg = Release|x86
		{0DDE2AAB-0527-4362-A487-DFD1E5708339}.AppStore|x86.Build.0 = Release|x86
		{0DDE2AAB-0527-4362-A487-DFD1E5708339}.AppStore|x86.Deploy.0 = Release|x86
		{0DDE2AAB-0527-4362-A487-DFD1E5708339}.Debug|Any CPU.ActiveCfg = Debug|x86
		{0DDE2AAB-0527-4362-A487-DFD1E5708339}.Debug|Any CPU.Build.0 = Debug|x86
		{0DDE2AAB-0527-4362-A487-DFD1E5708339}.Debug|Any CPU.Deploy.0 = Debug|x86
		{0DDE2AAB-0527-4362-A487-DFD1E5708339}.Debug|ARM.ActiveCfg = Debug|ARM
		{0DDE2AAB-0527-4362-A487-DFD1E5708339}.Debug|ARM.Build.0 = Debug|ARM
		{0DDE2AAB-0527-4362-A487-DFD1E5708339}.Debug|ARM.Deploy.0 = Debug|ARM
		{0DDE2AAB-0527-4362-A487-DFD1E5708339}.Debug|iPhone.ActiveCfg = Debug|x86
		{0DDE2AAB-0527-4362-A487-DFD1E5708339}.Debug|iPhone.Build.0 = Debug|x86
		{0DDE2AAB-0527-4362-A487-DFD1E5708339}.Debug|iPhone.Deploy.0 = Debug|x86
		{0DDE2AAB-0527-4362-A487-DFD1E5708339}.Debug|iPhoneSimulator.ActiveCfg = Debug|x86
		{0DDE2AAB-0527-4362-A487-DFD1E5708339}.Debug|iPhoneSimulator.Build.0 = Debug|x86
		{0DDE2AAB-0527-4362-A487-DFD1E5708339}.Debug|iPhoneSimulator.Deploy.0 = Debug|x86
		{0DDE2AAB-0527-4362-A487-DFD1E5708339}.Debug|x64.ActiveCfg = Debug|x64
		{0DDE2AAB-0527-4362-A487-DFD1E5708339}.Debug|x64.Build.0 = Debug|x64
		{0DDE2AAB-0527-4362-A487-DFD1E5708339}.Debug|x64.Deploy.0 = Debug|x64
		{0DDE2AAB-0527-4362-A487-DFD1E5708339}.Debug|x86.ActiveCfg = Debug|x86
		{0DDE2AAB-0527-4362-A487-DFD1E5708339}.Debug|x86.Build.0 = Debug|x86
		{0DDE2AAB-0527-4362-A487-DFD1E5708339}.Debug|x86.Deploy.0 = Debug|x86
		{0DDE2AAB-0527-4362-A487-DFD1E5708339}.Release|Any CPU.ActiveCfg = Release|x86
		{0DDE2AAB-0527-4362-A487-DFD1E5708339}.Release|Any CPU.Build.0 = Release|x86
		{0DDE2AAB-0527-4362-A487-DFD1E5708339}.Release|Any CPU.Deploy.0 = Release|x86
		{0DDE2AAB-0527-4362-A487-DFD1E5708339}.Release|ARM.ActiveCfg = Release|ARM
		{0DDE2AAB-0527-4362-A487-DFD1E5708339}.Release|ARM.Build.0 = Release|ARM
		{0DDE2AAB-0527-4362-A487-DFD1E5708339}.Release|ARM.Deploy.0 = Release|ARM
		{0DDE2AAB-0527-4362-A487-DFD1E5708339}.Release|iPhone.ActiveCfg = Release|x86
		{0DDE2AAB-0527-4362-A487-DFD1E5708339}.Release|iPhone.Build.0 = Release|x86
		{0DDE2AAB-0527-4362-A487-DFD1E5708339}.Release|iPhone.Deploy.0 = Release|x86
		{0DDE2AAB-0527-4362-A487-DFD1E5708339}.Release|iPhoneSimulator.ActiveCfg = Release|x86
		{0DDE2AAB-0527-4362-A487-DFD1E5708339}.Release|iPhoneSimulator.Build.0 = Release|x86
		{0DDE2AAB-0527-4362-A487-DFD1E5708339}.Release|iPhoneSimulator.Deploy.0 = Release|x86
		{0DDE2AAB-0527-4362-A487-DFD1E5708339}.Release|x64.ActiveCfg = Release|x64
		{0DDE2AAB-0527-4362-A487-DFD1E5708339}.Release|x64.Build.0 = Release|x64
		{0DDE2AAB-0527-4362-A487-DFD1E5708339}.Release|x64.Deploy.0 = Release|x64
		{0DDE2AAB-0527-4362-A487-DFD1E5708339}.Release|x86.ActiveCfg = Release|x86
		{0DDE2AAB-0527-4362-A487-DFD1E5708339}.Release|x86.Build.0 = Release|x86
		{0DDE2AAB-0527-4362-A487-DFD1E5708339}.Release|x86.Deploy.0 = Release|x86
		{925BF6A8-A71E-42DF-A7BF-3D0E95E6B0ED}.Ad-Hoc|Any CPU.ActiveCfg = Ad-Hoc|iPhone
		{925BF6A8-A71E-42DF-A7BF-3D0E95E6B0ED}.Ad-Hoc|Any CPU.Build.0 = Ad-Hoc|iPhone
		{925BF6A8-A71E-42DF-A7BF-3D0E95E6B0ED}.Ad-Hoc|Any CPU.Deploy.0 = Ad-Hoc|iPhone
		{925BF6A8-A71E-42DF-A7BF-3D0E95E6B0ED}.Ad-Hoc|ARM.ActiveCfg = Ad-Hoc|iPhone
		{925BF6A8-A71E-42DF-A7BF-3D0E95E6B0ED}.Ad-Hoc|ARM.Build.0 = Ad-Hoc|iPhone
		{925BF6A8-A71E-42DF-A7BF-3D0E95E6B0ED}.Ad-Hoc|ARM.Deploy.0 = Ad-Hoc|iPhone
		{925BF6A8-A71E-42DF-A7BF-3D0E95E6B0ED}.Ad-Hoc|iPhone.ActiveCfg = Ad-Hoc|iPhone
		{925BF6A8-A71E-42DF-A7BF-3D0E95E6B0ED}.Ad-Hoc|iPhone.Build.0 = Ad-Hoc|iPhone
		{925BF6A8-A71E-42DF-A7BF-3D0E95E6B0ED}.Ad-Hoc|iPhone.Deploy.0 = Ad-Hoc|iPhone
		{925BF6A8-A71E-42DF-A7BF-3D0E95E6B0ED}.Ad-Hoc|iPhoneSimulator.ActiveCfg = Ad-Hoc|iPhoneSimulator
		{925BF6A8-A71E-42DF-A7BF-3D0E95E6B0ED}.Ad-Hoc|iPhoneSimulator.Build.0 = Ad-Hoc|iPhoneSimulator
		{925BF6A8-A71E-42DF-A7BF-3D0E95E6B0ED}.Ad-Hoc|iPhoneSimulator.Deploy.0 = Ad-Hoc|iPhoneSimulator
		{925BF6A8-A71E-42DF-A7BF-3D0E95E6B0ED}.Ad-Hoc|x64.ActiveCfg = Ad-Hoc|iPhone
		{925BF6A8-A71E-42DF-A7BF-3D0E95E6B0ED}.Ad-Hoc|x64.Build.0 = Ad-Hoc|iPhone
		{925BF6A8-A71E-42DF-A7BF-3D0E95E6B0ED}.Ad-Hoc|x64.Deploy.0 = Ad-Hoc|iPhone
		{925BF6A8-A71E-42DF-A7BF-3D0E95E6B0ED}.Ad-Hoc|x86.ActiveCfg = Ad-Hoc|iPhone
		{925BF6A8-A71E-42DF-A7BF-3D0E95E6B0ED}.Ad-Hoc|x86.Build.0 = Ad-Hoc|iPhone
		{925BF6A8-A71E-42DF-A7BF-3D0E95E6B0ED}.Ad-Hoc|x86.Deploy.0 = Ad-Hoc|iPhone
		{925BF6A8-A71E-42DF-A7BF-3D0E95E6B0ED}.AppStore|Any CPU.ActiveCfg = AppStore|iPhone
		{925BF6A8-A71E-42DF-A7BF-3D0E95E6B0ED}.AppStore|Any CPU.Build.0 = AppStore|iPhone
		{925BF6A8-A71E-42DF-A7BF-3D0E95E6B0ED}.AppStore|Any CPU.Deploy.0 = AppStore|iPhone
		{925BF6A8-A71E-42DF-A7BF-3D0E95E6B0ED}.AppStore|ARM.ActiveCfg = AppStore|iPhone
		{925BF6A8-A71E-42DF-A7BF-3D0E95E6B0ED}.AppStore|ARM.Build.0 = AppStore|iPhone
		{925BF6A8-A71E-42DF-A7BF-3D0E95E6B0ED}.AppStore|ARM.Deploy.0 = AppStore|iPhone
		{925BF6A8-A71E-42DF-A7BF-3D0E95E6B0ED}.AppStore|iPhone.ActiveCfg = AppStore|iPhone
		{925BF6A8-A71E-42DF-A7BF-3D0E95E6B0ED}.AppStore|iPhone.Build.0 = AppStore|iPhone
		{925BF6A8-A71E-42DF-A7BF-3D0E95E6B0ED}.AppStore|iPhone.Deploy.0 = AppStore|iPhone
		{925BF6A8-A71E-42DF-A7BF-3D0E95E6B0ED}.AppStore|iPhoneSimulator.ActiveCfg = AppStore|iPhoneSimulator
		{925BF6A8-A71E-42DF-A7BF-3D0E95E6B0ED}.AppStore|iPhoneSimulator.Build.0 = AppStore|iPhoneSimulator
		{925BF6A8-A71E-42DF-A7BF-3D0E95E6B0ED}.AppStore|iPhoneSimulator.Deploy.0 = AppStore|iPhoneSimulator
		{925BF6A8-A71E-42DF-A7BF-3D0E95E6B0ED}.AppStore|x64.ActiveCfg = AppStore|iPhone
		{925BF6A8-A71E-42DF-A7BF-3D0E95E6B0ED}.AppStore|x64.Build.0 = AppStore|iPhone
		{925BF6A8-A71E-42DF-A7BF-3D0E95E6B0ED}.AppStore|x64.Deploy.0 = AppStore|iPhone
		{925BF6A8-A71E-42DF-A7BF-3D0E95E6B0ED}.AppStore|x86.ActiveCfg = AppStore|iPhone
		{925BF6A8-A71E-42DF-A7BF-3D0E95E6B0ED}.AppStore|x86.Build.0 = AppStore|iPhone
		{925BF6A8-A71E-42DF-A7BF-3D0E95E6B0ED}.AppStore|x86.Deploy.0 = AppStore|iPhone
		{925BF6A8-A71E-42DF-A7BF-3D0E95E6B0ED}.Debug|Any CPU.ActiveCfg = Debug|iPhoneSimulator
		{925BF6A8-A71E-42DF-A7BF-3D0E95E6B0ED}.Debug|Any CPU.Build.0 = Debug|iPhoneSimulator
		{925BF6A8-A71E-42DF-A7BF-3D0E95E6B0ED}.Debug|Any CPU.Deploy.0 = Debug|iPhoneSimulator
		{925BF6A8-A71E-42DF-A7BF-3D0E95E6B0ED}.Debug|ARM.ActiveCfg = Debug|iPhone
		{925BF6A8-A71E-42DF-A7BF-3D0E95E6B0ED}.Debug|ARM.Build.0 = Debug|iPhone
		{925BF6A8-A71E-42DF-A7BF-3D0E95E6B0ED}.Debug|ARM.Deploy.0 = Debug|iPhone
		{925BF6A8-A71E-42DF-A7BF-3D0E95E6B0ED}.Debug|iPhone.ActiveCfg = Debug|iPhone
		{925BF6A8-A71E-42DF-A7BF-3D0E95E6B0ED}.Debug|iPhone.Build.0 = Debug|iPhone
		{925BF6A8-A71E-42DF-A7BF-3D0E95E6B0ED}.Debug|iPhone.Deploy.0 = Debug|iPhone
		{925BF6A8-A71E-42DF-A7BF-3D0E95E6B0ED}.Debug|iPhoneSimulator.ActiveCfg = Debug|iPhoneSimulator
		{925BF6A8-A71E-42DF-A7BF-3D0E95E6B0ED}.Debug|iPhoneSimulator.Build.0 = Debug|iPhoneSimulator
		{925BF6A8-A71E-42DF-A7BF-3D0E95E6B0ED}.Debug|iPhoneSimulator.Deploy.0 = Debug|iPhoneSimulator
		{925BF6A8-A71E-42DF-A7BF-3D0E95E6B0ED}.Debug|x64.ActiveCfg = Debug|iPhone
		{925BF6A8-A71E-42DF-A7BF-3D0E95E6B0ED}.Debug|x64.Build.0 = Debug|iPhone
		{925BF6A8-A71E-42DF-A7BF-3D0E95E6B0ED}.Debug|x64.Deploy.0 = Debug|iPhone
		{925BF6A8-A71E-42DF-A7BF-3D0E95E6B0ED}.Debug|x86.ActiveCfg = Debug|iPhone
		{925BF6A8-A71E-42DF-A7BF-3D0E95E6B0ED}.Debug|x86.Build.0 = Debug|iPhone
		{925BF6A8-A71E-42DF-A7BF-3D0E95E6B0ED}.Debug|x86.Deploy.0 = Debug|iPhone
		{925BF6A8-A71E-42DF-A7BF-3D0E95E6B0ED}.Release|Any CPU.ActiveCfg = Release|iPhone
		{925BF6A8-A71E-42DF-A7BF-3D0E95E6B0ED}.Release|Any CPU.Build.0 = Release|iPhone
		{925BF6A8-A71E-42DF-A7BF-3D0E95E6B0ED}.Release|Any CPU.Deploy.0 = Release|iPhone
		{925BF6A8-A71E-42DF-A7BF-3D0E95E6B0ED}.Release|ARM.ActiveCfg = Release|iPhone
		{925BF6A8-A71E-42DF-A7BF-3D0E95E6B0ED}.Release|ARM.Build.0 = Release|iPhone
		{925BF6A8-A71E-42DF-A7BF-3D0E95E6B0ED}.Release|ARM.Deploy.0 = Release|iPhone
		{925BF6A8-A71E-42DF-A7BF-3D0E95E6B0ED}.Release|iPhone.ActiveCfg = Release|iPhone
		{925BF6A8-A71E-42DF-A7BF-3D0E95E6B0ED}.Release|iPhone.Build.0 = Release|iPhone
		{925BF6A8-A71E-42DF-A7BF-3D0E95E6B0ED}.Release|iPhone.Deploy.0 = Release|iPhone
		{925BF6A8-A71E-42DF-A7BF-3D0E95E6B0ED}.Release|iPhoneSimulator.ActiveCfg = Release|iPhoneSimulator
		{925BF6A8-A71E-42DF-A7BF-3D0E95E6B0ED}.Release|iPhoneSimulator.Build.0 = Release|iPhoneSimulator
		{925BF6A8-A71E-42DF-A7BF-3D0E95E6B0ED}.Release|iPhoneSimulator.Deploy.0 = Release|iPhoneSimulator
		{925BF6A8-A71E-42DF-A7BF-3D0E95E6B0ED}.Release|x64.ActiveCfg = Release|iPhone
		{925BF6A8-A71E-42DF-A7BF-3D0E95E6B0ED}.Release|x64.Build.0 = Release|iPhone
		{925BF6A8-A71E-42DF-A7BF-3D0E95E6B0ED}.Release|x64.Deploy.0 = Release|iPhone
		{925BF6A8-A71E-42DF-A7BF-3D0E95E6B0ED}.Release|x86.ActiveCfg = Release|iPhone
		{925BF6A8-A71E-42DF-A7BF-3D0E95E6B0ED}.Release|x86.Build.0 = Release|iPhone
		{925BF6A8-A71E-42DF-A7BF-3D0E95E6B0ED}.Release|x86.Deploy.0 = Release|iPhone
	EndGlobalSection
	GlobalSection(SolutionProperties) = preSolution
		HideSolutionNode = FALSE
	EndGlobalSection
	GlobalSection(ExtensibilityGlobals) = postSolution
		SolutionGuid = {A17651E2-D3C0-42A3-AB55-AFE024D612BE}
	EndGlobalSection
EndGlobal
